
Microsoft Visual Studio Solution File, Format Version 12.00
# Visual Studio Version 16
VisualStudioVersion = 16.0.31624.102
MinimumVisualStudioVersion = 10.0.40219.1
Project("{FAE04EC0-301F-11D3-BF4B-00C04F79EFBC}") = "Ex1", "Ex1\Ex1.csproj", "{BDBDDC10-4E9D-42AB-A40E-F467355894B6}"
EndProject
Project("{FAE04EC0-301F-11D3-BF4B-00C04F79EFBC}") = "Ex2", "Ex2\Ex2.csproj", "{FBEB2AC5-B276-424E-A291-7E5BBE70EB56}"
EndProject
Global
	GlobalSection(SolutionConfigurationPlatforms) = preSolution
		Debug|Any CPU = Debug|Any CPU
		Release|Any CPU = Release|Any CPU
	EndGlobalSection
	GlobalSection(ProjectConfigurationPlatforms) = postSolution
		{BDBDDC10-4E9D-42AB-A40E-F467355894B6}.Debug|Any CPU.ActiveCfg = Debug|Any CPU
		{BDBDDC10-4E9D-42AB-A40E-F467355894B6}.Debug|Any CPU.Build.0 = Debug|Any CPU
		{BDBDDC10-4E9D-42AB-A40E-F467355894B6}.Release|Any CPU.ActiveCfg = Release|Any CPU
		{BDBDDC10-4E9D-42AB-A40E-F467355894B6}.Release|Any CPU.Build.0 = Release|Any CPU
		{FBEB2AC5-B276-424E-A291-7E5BBE70EB56}.Debug|Any CPU.ActiveCfg = Debug|Any CPU
		{FBEB2AC5-B276-424E-A291-7E5BBE70EB56}.Debug|Any CPU.Build.0 = Debug|Any CPU
		{FBEB2AC5-B276-424E-A291-7E5BBE70EB56}.Release|Any CPU.ActiveCfg = Release|Any CPU
		{FBEB2AC5-B276-424E-A291-7E5BBE70EB56}.Release|Any CPU.Build.0 = Release|Any CPU
	EndGlobalSection
	GlobalSection(SolutionProperties) = preSolution
		HideSolutionNode = FALSE
	EndGlobalSection
	GlobalSection(ExtensibilityGlobals) = postSolution
		SolutionGuid = {5E4AD9FB-DF19-4284-8899-0FE6043FDB1E}
	EndGlobalSection
EndGlobal
