
Microsoft Visual Studio Solution File, Format Version 12.00
# Visual Studio Version 16
VisualStudioVersion = 16.0.31729.503
MinimumVisualStudioVersion = 10.0.40219.1
Project("{FAE04EC0-301F-11D3-BF4B-00C04F79EFBC}") = "Lab6_Basic_Command", "Lab6_Basic_Command\Lab6_Basic_Command.csproj", "{A6E28AD3-1DB8-4768-86A3-3AC2CE339161}"
EndProject
Global
	GlobalSection(SolutionConfigurationPlatforms) = preSolution
		Debug|Any CPU = Debug|Any CPU
		Release|Any CPU = Release|Any CPU
	EndGlobalSection
	GlobalSection(ProjectConfigurationPlatforms) = postSolution
		{A6E28AD3-1DB8-4768-86A3-3AC2CE339161}.Debug|Any CPU.ActiveCfg = Debug|Any CPU
		{A6E28AD3-1DB8-4768-86A3-3AC2CE339161}.Debug|Any CPU.Build.0 = Debug|Any CPU
		{A6E28AD3-1DB8-4768-86A3-3AC2CE339161}.Release|Any CPU.ActiveCfg = Release|Any CPU
		{A6E28AD3-1DB8-4768-86A3-3AC2CE339161}.Release|Any CPU.Build.0 = Release|Any CPU
	EndGlobalSection
	GlobalSection(SolutionProperties) = preSolution
		HideSolutionNode = FALSE
	EndGlobalSection
	GlobalSection(ExtensibilityGlobals) = postSolution
		SolutionGuid = {54E9B39B-C9C5-4B49-8952-279CFA5EDC95}
	EndGlobalSection
EndGlobal
